
Microsoft Visual Studio Solution File, Format Version 12.00
# Visual Studio Version 16
VisualStudioVersion = 16.0.30804.86
MinimumVisualStudioVersion = 10.0.40219.1
Project("{FAE04EC0-301F-11D3-BF4B-00C04F79EFBC}") = "Dictionary", "Dictionary\Dictionary.csproj", "{90CE4EE3-C8E7-4311-BACE-591BA39C0356}"
EndProject
Global
	GlobalSection(SolutionConfigurationPlatforms) = preSolution
		Debug|Any CPU = Debug|Any CPU
		Release|Any CPU = Release|Any CPU
	EndGlobalSection
	GlobalSection(ProjectConfigurationPlatforms) = postSolution
		{90CE4EE3-C8E7-4311-BACE-591BA39C0356}.Debug|Any CPU.ActiveCfg = Debug|Any CPU
		{90CE4EE3-C8E7-4311-BACE-591BA39C0356}.Debug|Any CPU.Build.0 = Debug|Any CPU
		{90CE4EE3-C8E7-4311-BACE-591BA39C0356}.Release|Any CPU.ActiveCfg = Release|Any CPU
		{90CE4EE3-C8E7-4311-BACE-591BA39C0356}.Release|Any CPU.Build.0 = Release|Any CPU
	EndGlobalSection
	GlobalSection(SolutionProperties) = preSolution
		HideSolutionNode = FALSE
	EndGlobalSection
	GlobalSection(ExtensibilityGlobals) = postSolution
		SolutionGuid = {720561DD-259B-4084-8532-4D51762966EA}
	EndGlobalSection
EndGlobal
